
Microsoft Visual Studio Solution File, Format Version 12.00
# Visual Studio Version 17
VisualStudioVersion = 17.4.33110.190
MinimumVisualStudioVersion = 10.0.40219.1
Project("{FAE04EC0-301F-11D3-BF4B-00C04F79EFBC}") = "HashTableRemove", "HashTableRemove.csproj", "{69DEB750-F359-40E8-BCCE-0E94BA0DFF7F}"
EndProject
Global
	GlobalSection(SolutionConfigurationPlatforms) = preSolution
		Debug|Any CPU = Debug|Any CPU
		Release|Any CPU = Release|Any CPU
	EndGlobalSection
	GlobalSection(ProjectConfigurationPlatforms) = postSolution
		{69DEB750-F359-40E8-BCCE-0E94BA0DFF7F}.Debug|Any CPU.ActiveCfg = Debug|Any CPU
		{69DEB750-F359-40E8-BCCE-0E94BA0DFF7F}.Debug|Any CPU.Build.0 = Debug|Any CPU
		{69DEB750-F359-40E8-BCCE-0E94BA0DFF7F}.Release|Any CPU.ActiveCfg = Release|Any CPU
		{69DEB750-F359-40E8-BCCE-0E94BA0DFF7F}.Release|Any CPU.Build.0 = Release|Any CPU
	EndGlobalSection
	GlobalSection(SolutionProperties) = preSolution
		HideSolutionNode = FALSE
	EndGlobalSection
	GlobalSection(ExtensibilityGlobals) = postSolution
		SolutionGuid = {2BF9D70F-E176-49D8-A2B2-9D0438B0C559}
	EndGlobalSection
EndGlobal
